<?xml version="1.0" encoding="utf-8"?>
<Project ToolsVersion="4.0" xmlns="http://schemas.microsoft.com/developer/msbuild/2003">
  <ItemGroup>
    <Filter Include="Header Files">
      <UniqueIdentifier>{93995380-89BD-4b04-88EB-625FBE52EBFB}</UniqueIdentifier>
      <Extensions>h;hh;hpp;hxx;h++;hm;inl;inc;ipp;xsd</Extensions>
    </Filter>
    <Filter Include="Source">
      <UniqueIdentifier>{4FC737F1-C7A5-4376-A066-2A32D752A2FF}</UniqueIdentifier>
      <Extensions>cpp;c;cc;cxx;c++;cppm;ixx;def;odl;idl;hpj;bat;asm;asmx</Extensions>
    </Filter>
    <Filter Include="Source\Engine">
      <UniqueIdentifier>{d99f41ae-9e35-4f93-b63a-c7b34976b5d9}</UniqueIdentifier>
    </Filter>
    <Filter Include="Source\Engine\Core">
      <UniqueIdentifier>{50f44ea9-f857-4e71-89ea-3eee7715fb6f}</UniqueIdentifier>
    </Filter>
    <Filter Include="Source\Engine\Graphics">
      <UniqueIdentifier>{1f735edf-a3bd-450a-ab18-a7a73349da77}</UniqueIdentifier>
    </Filter>
    <Filter Include="Source\Engine\Input">
      <UniqueIdentifier>{0260ec08-d3f5-4475-80d5-ca31f68413c4}</UniqueIdentifier>
    </Filter>
    <Filter Include="Source\Engine\Resources">
      <UniqueIdentifier>{0d5b40da-683e-4130-aec1-4954b5de96ee}</UniqueIdentifier>
    </Filter>
    <Filter Include="Resources">
      <UniqueIdentifier>{67DA6AB6-F800-4c08-8B7A-83BB121AAD01}</UniqueIdentifier>
      <Extensions>rc;ico;cur;bmp;dlg;rc2;rct;bin;rgs;gif;jpg;jpeg;jpe;resx;tiff;tif;png;wav;mfcribbon-ms</Extensions>
    </Filter>
    <Filter Include="Resources\Shaders">
      <UniqueIdentifier>{6f39daf6-2ecf-4aba-ba14-f49a50c16181}</UniqueIdentifier>
    </Filter>
    <Filter Include="Source\Engine\Math">
      <UniqueIdentifier>{6b5716ff-bc24-4bff-bec8-9bbf5de086f8}</UniqueIdentifier>
    </Filter>
    <Filter Include="Resources\Textures">
      <UniqueIdentifier>{24b73571-cfa3-49d7-8ea6-2e95f15d2939}</UniqueIdentifier>
    </Filter>
  </ItemGroup>
  <ItemGroup>
    <ClCompile Include="Main.cpp">
      <Filter>Source</Filter>
    </ClCompile>
    <ClCompile Include="..\ThirdParty\glad\src\glad.c">
      <Filter>Source</Filter>
    </ClCompile>
    <ClCompile Include="Engine\Core\Assert.cpp">
      <Filter>Source\Engine\Core</Filter>
    </ClCompile>
    <ClCompile Include="Engine\Core\EventManager.cpp">
      <Filter>Source\Engine\Core</Filter>
    </ClCompile>
    <ClCompile Include="Engine\Core\Timer.cpp">
      <Filter>Source\Engine\Core</Filter>
    </ClCompile>
    <ClCompile Include="pch.cpp">
      <Filter>Source</Filter>
    </ClCompile>
    <ClCompile Include="Engine\Input\InputSystem.cpp">
      <Filter>Source\Engine\Input</Filter>
    </ClCompile>
    <ClCompile Include="Engine\Resources\ResourceManager.cpp">
      <Filter>Source\Engine\Resources</Filter>
    </ClCompile>
    <ClCompile Include="Engine\Graphics\Renderer.cpp">
      <Filter>Source\Engine\Graphics</Filter>
    </ClCompile>
    <ClCompile Include="Engine\Graphics\Texture.cpp">
      <Filter>Source\Engine\Graphics</Filter>
    </ClCompile>
    <ClCompile Include="Engine\Core\File.cpp">
      <Filter>Source\Engine\Core</Filter>
    </ClCompile>
    <ClCompile Include="Engine\Graphics\Program.cpp">
      <Filter>Source\Engine\Graphics</Filter>
    </ClCompile>
    <ClCompile Include="Engine\Engine.cpp">
      <Filter>Source\Engine</Filter>
    </ClCompile>
    <ClCompile Include="Engine\Graphics\VertexArray.cpp">
      <Filter>Source\Engine\Graphics</Filter>
    </ClCompile>
    <ClCompile Include="Engine\Graphics\VertexIndexArray.cpp">
      <Filter>Source\Engine\Graphics</Filter>
    </ClCompile>
    <ClCompile Include="Engine\Graphics\Model.cpp">
      <Filter>Source</Filter>
    </ClCompile>
    <ClCompile Include="Engine\Math\Transform.cpp">
      <Filter>Source</Filter>
    </ClCompile>
  </ItemGroup>
  <ItemGroup>
    <ClInclude Include="Engine\Core\Assert.h">
      <Filter>Source\Engine\Core</Filter>
    </ClInclude>
    <ClInclude Include="Engine\Core\EventManager.h">
      <Filter>Source\Engine\Core</Filter>
    </ClInclude>
    <ClInclude Include="Engine\Core\Factory.h">
      <Filter>Source\Engine\Core</Filter>
    </ClInclude>
    <ClInclude Include="Engine\Core\Singleton.h">
      <Filter>Source\Engine\Core</Filter>
    </ClInclude>
    <ClInclude Include="Engine\Core\System.h">
      <Filter>Source\Engine\Core</Filter>
    </ClInclude>
    <ClInclude Include="Engine\Core\Timer.h">
      <Filter>Source\Engine\Core</Filter>
    </ClInclude>
    <ClInclude Include="pch.h">
      <Filter>Source</Filter>
    </ClInclude>
    <ClInclude Include="Engine\Input\InputSystem.h">
      <Filter>Source\Engine\Input</Filter>
    </ClInclude>
    <ClInclude Include="Engine\Resources\Resource.h">
      <Filter>Source\Engine\Resources</Filter>
    </ClInclude>
    <ClInclude Include="Engine\Resources\ResourceManager.h">
      <Filter>Source\Engine\Resources</Filter>
    </ClInclude>
    <ClInclude Include="Engine\Graphics\Renderer.h">
      <Filter>Source\Engine\Graphics</Filter>
    </ClInclude>
    <ClInclude Include="Engine\Graphics\Texture.h">
      <Filter>Source\Engine\Graphics</Filter>
    </ClInclude>
    <ClInclude Include="Engine\Core\File.h">
      <Filter>Source\Engine\Core</Filter>
    </ClInclude>
    <ClInclude Include="Engine\Graphics\Program.h">
      <Filter>Source\Engine\Graphics</Filter>
    </ClInclude>
    <ClInclude Include="Engine\Math\Math.h">
      <Filter>Source\Engine\Math</Filter>
    </ClInclude>
    <ClInclude Include="Engine\Engine.h">
      <Filter>Source\Engine</Filter>
    </ClInclude>
    <ClInclude Include="Engine\Graphics\VertexArray.h">
      <Filter>Source\Engine\Graphics</Filter>
    </ClInclude>
    <ClInclude Include="Engine\Graphics\VertexIndexArray.h">
      <Filter>Source\Engine\Graphics</Filter>
    </ClInclude>
    <ClInclude Include="Engine\Graphics\Model.h">
      <Filter>Header Files</Filter>
    </ClInclude>
    <ClInclude Include="Engine\Math\Transform.h">
      <Filter>Header Files</Filter>
    </ClInclude>
  </ItemGroup>
  <ItemGroup>
    <None Include="..\Build\Shaders\basic.vert">
      <Filter>Resources\Shaders</Filter>
    </None>
    <None Include="..\Build\Shaders\basic.frag">
      <Filter>Resources\Shaders</Filter>
    </None>
    <None Include="..\Build\Shaders\gouraud.frag">
      <Filter>Resources\Shaders</Filter>
    </None>
    <None Include="..\Build\Shaders\gouraud.vert">
      <Filter>Resources\Shaders</Filter>
    </None>
    <None Include="..\Build\Shaders\phong.frag" />
    <None Include="..\Build\Shaders\phong.vert" />
  </ItemGroup>
</Project>